
Microsoft Visual Studio Solution File, Format Version 12.00
# Visual Studio 14
VisualStudioVersion = 14.0.23107.0
MinimumVisualStudioVersion = 10.0.40219.1
Project("{FAE04EC0-301F-11D3-BF4B-00C04F79EFBC}") = "listener", "listener\listener.csproj", "{D0754EAD-99BA-47D9-BAAA-3E0A1A8ECE87}"
EndProject
Global
	GlobalSection(SolutionConfigurationPlatforms) = preSolution
		Debug|Any CPU = Debug|Any CPU
		Release|Any CPU = Release|Any CPU
	EndGlobalSection
	GlobalSection(ProjectConfigurationPlatforms) = postSolution
		{D0754EAD-99BA-47D9-BAAA-3E0A1A8ECE87}.Debug|Any CPU.ActiveCfg = Debug|Any CPU
		{D0754EAD-99BA-47D9-BAAA-3E0A1A8ECE87}.Debug|Any CPU.Build.0 = Debug|Any CPU
		{D0754EAD-99BA-47D9-BAAA-3E0A1A8ECE87}.Release|Any CPU.ActiveCfg = Release|Any CPU
		{D0754EAD-99BA-47D9-BAAA-3E0A1A8ECE87}.Release|Any CPU.Build.0 = Release|Any CPU
	EndGlobalSection
	GlobalSection(SolutionProperties) = preSolution
		HideSolutionNode = FALSE
	EndGlobalSection
EndGlobal
